
Microsoft Visual Studio Solution File, Format Version 12.00
# Visual Studio Version 17
VisualStudioVersion = 17.3.32804.467
MinimumVisualStudioVersion = 10.0.40219.1
Project("{FAE04EC0-301F-11D3-BF4B-00C04F79EFBC}") = "FluentValidations", "FluentValidations\FluentValidations.csproj", "{07D1F383-14BD-42F3-8407-9D979F095A60}"
EndProject
Global
	GlobalSection(SolutionConfigurationPlatforms) = preSolution
		Debug|Any CPU = Debug|Any CPU
		Release|Any CPU = Release|Any CPU
	EndGlobalSection
	GlobalSection(ProjectConfigurationPlatforms) = postSolution
		{07D1F383-14BD-42F3-8407-9D979F095A60}.Debug|Any CPU.ActiveCfg = Debug|Any CPU
		{07D1F383-14BD-42F3-8407-9D979F095A60}.Debug|Any CPU.Build.0 = Debug|Any CPU
		{07D1F383-14BD-42F3-8407-9D979F095A60}.Release|Any CPU.ActiveCfg = Release|Any CPU
		{07D1F383-14BD-42F3-8407-9D979F095A60}.Release|Any CPU.Build.0 = Release|Any CPU
	EndGlobalSection
	GlobalSection(SolutionProperties) = preSolution
		HideSolutionNode = FALSE
	EndGlobalSection
	GlobalSection(ExtensibilityGlobals) = postSolution
		SolutionGuid = {ADCD230C-D0A9-4CD3-9819-CD69B218A95D}
	EndGlobalSection
EndGlobal
